
Microsoft Visual Studio Solution File, Format Version 12.00
# Visual Studio Version 17
VisualStudioVersion = 17.14.36408.4 d17.14
MinimumVisualStudioVersion = 10.0.40219.1
Project("{FAE04EC0-301F-11D3-BF4B-00C04F79EFBC}") = "IMCTercerIntento", "IMCTercerIntento\IMCTercerIntento.csproj", "{9F3C25F5-C740-412F-A4C4-B52645D70172}"
EndProject
Global
	GlobalSection(SolutionConfigurationPlatforms) = preSolution
		Debug|Any CPU = Debug|Any CPU
		Release|Any CPU = Release|Any CPU
	EndGlobalSection
	GlobalSection(ProjectConfigurationPlatforms) = postSolution
		{9F3C25F5-C740-412F-A4C4-B52645D70172}.Debug|Any CPU.ActiveCfg = Debug|Any CPU
		{9F3C25F5-C740-412F-A4C4-B52645D70172}.Debug|Any CPU.Build.0 = Debug|Any CPU
		{9F3C25F5-C740-412F-A4C4-B52645D70172}.Debug|Any CPU.Deploy.0 = Debug|Any CPU
		{9F3C25F5-C740-412F-A4C4-B52645D70172}.Release|Any CPU.ActiveCfg = Release|Any CPU
		{9F3C25F5-C740-412F-A4C4-B52645D70172}.Release|Any CPU.Build.0 = Release|Any CPU
		{9F3C25F5-C740-412F-A4C4-B52645D70172}.Release|Any CPU.Deploy.0 = Release|Any CPU
	EndGlobalSection
	GlobalSection(SolutionProperties) = preSolution
		HideSolutionNode = FALSE
	EndGlobalSection
	GlobalSection(ExtensibilityGlobals) = postSolution
		SolutionGuid = {FFBEA2E1-52FF-4978-8522-B4D0CB12B31A}
	EndGlobalSection
EndGlobal
